
Microsoft Visual Studio Solution File, Format Version 12.00
# Visual Studio 15
VisualStudioVersion = 15.0.27130.2010
MinimumVisualStudioVersion = 10.0.40219.1
Project("{8BC9CEB8-8B4A-11D0-8D11-00A0C91BC942}") = "Tokenizer", "Tokenizer\Tokenizer.vcxproj", "{5632AB5E-C4AA-4119-9CDA-1A49176F2D52}"
EndProject
Project("{8BC9CEB8-8B4A-11D0-8D11-00A0C91BC942}") = "Utilities", "Utilities\Utilities.vcxproj", "{462B43B2-8B13-4178-BF2A-903F76F1985C}"
EndProject
Project("{8BC9CEB8-8B4A-11D0-8D11-00A0C91BC942}") = "GrammarHelpers", "GrammarHelpers\GrammarHelpers.vcxproj", "{119080C0-DA30-4A3C-85D6-37315067CB1A}"
EndProject
Project("{8BC9CEB8-8B4A-11D0-8D11-00A0C91BC942}") = "ScopeStack", "ScopeStack\ScopeStack.vcxproj", "{0AE7CD6E-0797-422E-8DB9-407E517624A5}"
EndProject
Project("{8BC9CEB8-8B4A-11D0-8D11-00A0C91BC942}") = "AbstractSyntaxTree", "AbstractSyntaxTree\AbstractSyntaxTree.vcxproj", "{53C7C53B-4D2F-4E71-9AF3-0B77DD0034B3}"
EndProject
Project("{8BC9CEB8-8B4A-11D0-8D11-00A0C91BC942}") = "FileMgr", "FileMgr\FileMgr.vcxproj", "{DDEE27FF-855E-4D10-AD7B-79CB8966EF13}"
EndProject
Project("{8BC9CEB8-8B4A-11D0-8D11-00A0C91BC942}") = "FileSystem", "FileSystem\FileSystem.vcxproj", "{04CB7A5F-7472-4F19-9EA9-00B80063658C}"
EndProject
Project("{8BC9CEB8-8B4A-11D0-8D11-00A0C91BC942}") = "Logger", "Logger\Logger.vcxproj", "{66D2C764-9DA8-4505-B869-8E84E8968F7C}"
EndProject
Project("{8BC9CEB8-8B4A-11D0-8D11-00A0C91BC942}") = "SemiExpression", "SemiExpression\SemiExpression.vcxproj", "{E7758FF7-9321-4A16-84ED-59743AB374CD}"
EndProject
Project("{8BC9CEB8-8B4A-11D0-8D11-00A0C91BC942}") = "Project2Starter", "Project2Starter\Project2Starter.vcxproj", "{027D7D6F-89A7-49DF-BAA9-1BD59D0FACA0}"
EndProject
Project("{8BC9CEB8-8B4A-11D0-8D11-00A0C91BC942}") = "DirExplorer-Naive", "DirExplorer-Naive\DirExplorer-Naive.vcxproj", "{64020F91-05D9-4D7D-A73F-AC490DD57FDE}"
EndProject
Project("{8BC9CEB8-8B4A-11D0-8D11-00A0C91BC942}") = "CodeUtilities", "CodeUtilities\CodeUtilities.vcxproj", "{FA95EFA3-36DE-4EF2-87E8-D7833DB83117}"
EndProject
Project("{8BC9CEB8-8B4A-11D0-8D11-00A0C91BC942}") = "Convert", "Convert\Convert.vcxproj", "{F77BE275-1F5F-44FC-911F-5DC7BAA9CF79}"
EndProject
Project("{8BC9CEB8-8B4A-11D0-8D11-00A0C91BC942}") = "Process", "Process\Process.vcxproj", "{DCF6BF1C-E40E-44DC-9692-0B2B0F6B438D}"
EndProject
Project("{8BC9CEB8-8B4A-11D0-8D11-00A0C91BC942}") = "Parser", "Parser\Parser.vcxproj", "{77BE9964-7862-4D05-AFF0-B42718AAE386}"
EndProject
Project("{8BC9CEB8-8B4A-11D0-8D11-00A0C91BC942}") = "Sockets", "CppCommWithFileXfer\Sockets\Sockets.vcxproj", "{CA3129B8-1BF4-44C9-B116-53EC72D0BCCB}"
EndProject
Project("{8BC9CEB8-8B4A-11D0-8D11-00A0C91BC942}") = "Message", "CppCommWithFileXfer\Message\Message.vcxproj", "{4133D528-AB6D-4CCD-AF37-67536F36154C}"
EndProject
Project("{8BC9CEB8-8B4A-11D0-8D11-00A0C91BC942}") = "MsgPassingComm", "CppCommWithFileXfer\MsgPassingComm\MsgPassingComm.vcxproj", "{6E58E051-CC07-4D7F-92A4-06A117A79CA7}"
EndProject
Project("{8BC9CEB8-8B4A-11D0-8D11-00A0C91BC942}") = "ServerPrototype", "ServerPrototype\ServerPrototype.vcxproj", "{FD4E1C9E-ECA7-49CD-A3CE-B9F99864B835}"
EndProject
Project("{8BC9CEB8-8B4A-11D0-8D11-00A0C91BC942}") = "CommLibWrapper", "CommLibWrapper\CommLibWrapper.vcxproj", "{B1DB1846-C0FC-48EF-80E4-DC556E9240FA}"
EndProject
Project("{8BC9CEB8-8B4A-11D0-8D11-00A0C91BC942}") = "Translater", "Translater\Translater.vcxproj", "{2DA172DE-5669-48DE-9D67-777FEFA408FD}"
EndProject
Project("{FAE04EC0-301F-11D3-BF4B-00C04F79EFBC}") = "GUI", "GUI\GUI.csproj", "{1A652E61-D7D7-49A9-958D-AB83E9C186C5}"
EndProject
Global
	GlobalSection(SolutionConfigurationPlatforms) = preSolution
		Debug|Any CPU = Debug|Any CPU
		Debug|x64 = Debug|x64
		Debug|x86 = Debug|x86
		Release|Any CPU = Release|Any CPU
		Release|x64 = Release|x64
		Release|x86 = Release|x86
	EndGlobalSection
	GlobalSection(ProjectConfigurationPlatforms) = postSolution
		{5632AB5E-C4AA-4119-9CDA-1A49176F2D52}.Debug|Any CPU.ActiveCfg = Debug|Win32
		{5632AB5E-C4AA-4119-9CDA-1A49176F2D52}.Debug|x64.ActiveCfg = Debug|Win32
		{5632AB5E-C4AA-4119-9CDA-1A49176F2D52}.Debug|x86.ActiveCfg = Debug|Win32
		{5632AB5E-C4AA-4119-9CDA-1A49176F2D52}.Debug|x86.Build.0 = Debug|Win32
		{5632AB5E-C4AA-4119-9CDA-1A49176F2D52}.Release|Any CPU.ActiveCfg = Release|Win32
		{5632AB5E-C4AA-4119-9CDA-1A49176F2D52}.Release|x64.ActiveCfg = Release|Win32
		{5632AB5E-C4AA-4119-9CDA-1A49176F2D52}.Release|x86.ActiveCfg = Release|Win32
		{5632AB5E-C4AA-4119-9CDA-1A49176F2D52}.Release|x86.Build.0 = Release|Win32
		{462B43B2-8B13-4178-BF2A-903F76F1985C}.Debug|Any CPU.ActiveCfg = Debug|Win32
		{462B43B2-8B13-4178-BF2A-903F76F1985C}.Debug|Any CPU.Build.0 = Debug|Win32
		{462B43B2-8B13-4178-BF2A-903F76F1985C}.Debug|x64.ActiveCfg = Debug|x64
		{462B43B2-8B13-4178-BF2A-903F76F1985C}.Debug|x64.Build.0 = Debug|x64
		{462B43B2-8B13-4178-BF2A-903F76F1985C}.Debug|x86.ActiveCfg = Debug|Win32
		{462B43B2-8B13-4178-BF2A-903F76F1985C}.Debug|x86.Build.0 = Debug|Win32
		{462B43B2-8B13-4178-BF2A-903F76F1985C}.Release|Any CPU.ActiveCfg = Release|Win32
		{462B43B2-8B13-4178-BF2A-903F76F1985C}.Release|x64.ActiveCfg = Release|x64
		{462B43B2-8B13-4178-BF2A-903F76F1985C}.Release|x64.Build.0 = Release|x64
		{462B43B2-8B13-4178-BF2A-903F76F1985C}.Release|x86.ActiveCfg = Release|Win32
		{462B43B2-8B13-4178-BF2A-903F76F1985C}.Release|x86.Build.0 = Release|Win32
		{119080C0-DA30-4A3C-85D6-37315067CB1A}.Debug|Any CPU.ActiveCfg = Debug|Win32
		{119080C0-DA30-4A3C-85D6-37315067CB1A}.Debug|Any CPU.Build.0 = Debug|Win32
		{119080C0-DA30-4A3C-85D6-37315067CB1A}.Debug|x64.ActiveCfg = Debug|x64
		{119080C0-DA30-4A3C-85D6-37315067CB1A}.Debug|x64.Build.0 = Debug|x64
		{119080C0-DA30-4A3C-85D6-37315067CB1A}.Debug|x86.ActiveCfg = Debug|Win32
		{119080C0-DA30-4A3C-85D6-37315067CB1A}.Debug|x86.Build.0 = Debug|Win32
		{119080C0-DA30-4A3C-85D6-37315067CB1A}.Release|Any CPU.ActiveCfg = Release|Win32
		{119080C0-DA30-4A3C-85D6-37315067CB1A}.Release|x64.ActiveCfg = Release|x64
		{119080C0-DA30-4A3C-85D6-37315067CB1A}.Release|x64.Build.0 = Release|x64
		{119080C0-DA30-4A3C-85D6-37315067CB1A}.Release|x86.ActiveCfg = Release|Win32
		{119080C0-DA30-4A3C-85D6-37315067CB1A}.Release|x86.Build.0 = Release|Win32
		{0AE7CD6E-0797-422E-8DB9-407E517624A5}.Debug|Any CPU.ActiveCfg = Debug|Win32
		{0AE7CD6E-0797-422E-8DB9-407E517624A5}.Debug|Any CPU.Build.0 = Debug|Win32
		{0AE7CD6E-0797-422E-8DB9-407E517624A5}.Debug|x64.ActiveCfg = Debug|x64
		{0AE7CD6E-0797-422E-8DB9-407E517624A5}.Debug|x64.Build.0 = Debug|x64
		{0AE7CD6E-0797-422E-8DB9-407E517624A5}.Debug|x86.ActiveCfg = Debug|Win32
		{0AE7CD6E-0797-422E-8DB9-407E517624A5}.Debug|x86.Build.0 = Debug|Win32
		{0AE7CD6E-0797-422E-8DB9-407E517624A5}.Release|Any CPU.ActiveCfg = Release|Win32
		{0AE7CD6E-0797-422E-8DB9-407E517624A5}.Release|x64.ActiveCfg = Release|x64
		{0AE7CD6E-0797-422E-8DB9-407E517624A5}.Release|x64.Build.0 = Release|x64
		{0AE7CD6E-0797-422E-8DB9-407E517624A5}.Release|x86.ActiveCfg = Release|Win32
		{0AE7CD6E-0797-422E-8DB9-407E517624A5}.Release|x86.Build.0 = Release|Win32
		{53C7C53B-4D2F-4E71-9AF3-0B77DD0034B3}.Debug|Any CPU.ActiveCfg = Debug|Win32
		{53C7C53B-4D2F-4E71-9AF3-0B77DD0034B3}.Debug|Any CPU.Build.0 = Debug|Win32
		{53C7C53B-4D2F-4E71-9AF3-0B77DD0034B3}.Debug|x64.ActiveCfg = Debug|x64
		{53C7C53B-4D2F-4E71-9AF3-0B77DD0034B3}.Debug|x64.Build.0 = Debug|x64
		{53C7C53B-4D2F-4E71-9AF3-0B77DD0034B3}.Debug|x86.ActiveCfg = Debug|Win32
		{53C7C53B-4D2F-4E71-9AF3-0B77DD0034B3}.Debug|x86.Build.0 = Debug|Win32
		{53C7C53B-4D2F-4E71-9AF3-0B77DD0034B3}.Release|Any CPU.ActiveCfg = Release|Win32
		{53C7C53B-4D2F-4E71-9AF3-0B77DD0034B3}.Release|x64.ActiveCfg = Release|x64
		{53C7C53B-4D2F-4E71-9AF3-0B77DD0034B3}.Release|x64.Build.0 = Release|x64
		{53C7C53B-4D2F-4E71-9AF3-0B77DD0034B3}.Release|x86.ActiveCfg = Release|Win32
		{53C7C53B-4D2F-4E71-9AF3-0B77DD0034B3}.Release|x86.Build.0 = Release|Win32
		{DDEE27FF-855E-4D10-AD7B-79CB8966EF13}.Debug|Any CPU.ActiveCfg = Debug|Win32
		{DDEE27FF-855E-4D10-AD7B-79CB8966EF13}.Debug|x64.ActiveCfg = Debug|Win32
		{DDEE27FF-855E-4D10-AD7B-79CB8966EF13}.Debug|x86.ActiveCfg = Debug|Win32
		{DDEE27FF-855E-4D10-AD7B-79CB8966EF13}.Debug|x86.Build.0 = Debug|Win32
		{DDEE27FF-855E-4D10-AD7B-79CB8966EF13}.Release|Any CPU.ActiveCfg = Release|Win32
		{DDEE27FF-855E-4D10-AD7B-79CB8966EF13}.Release|x64.ActiveCfg = Release|Win32
		{DDEE27FF-855E-4D10-AD7B-79CB8966EF13}.Release|x86.ActiveCfg = Release|Win32
		{DDEE27FF-855E-4D10-AD7B-79CB8966EF13}.Release|x86.Build.0 = Release|Win32
		{04CB7A5F-7472-4F19-9EA9-00B80063658C}.Debug|Any CPU.ActiveCfg = Debug|Win32
		{04CB7A5F-7472-4F19-9EA9-00B80063658C}.Debug|Any CPU.Build.0 = Debug|Win32
		{04CB7A5F-7472-4F19-9EA9-00B80063658C}.Debug|x64.ActiveCfg = Debug|x64
		{04CB7A5F-7472-4F19-9EA9-00B80063658C}.Debug|x64.Build.0 = Debug|x64
		{04CB7A5F-7472-4F19-9EA9-00B80063658C}.Debug|x86.ActiveCfg = Debug|Win32
		{04CB7A5F-7472-4F19-9EA9-00B80063658C}.Debug|x86.Build.0 = Debug|Win32
		{04CB7A5F-7472-4F19-9EA9-00B80063658C}.Release|Any CPU.ActiveCfg = Release|Win32
		{04CB7A5F-7472-4F19-9EA9-00B80063658C}.Release|x64.ActiveCfg = Release|x64
		{04CB7A5F-7472-4F19-9EA9-00B80063658C}.Release|x64.Build.0 = Release|x64
		{04CB7A5F-7472-4F19-9EA9-00B80063658C}.Release|x86.ActiveCfg = Release|Win32
		{04CB7A5F-7472-4F19-9EA9-00B80063658C}.Release|x86.Build.0 = Release|Win32
		{66D2C764-9DA8-4505-B869-8E84E8968F7C}.Debug|Any CPU.ActiveCfg = Debug|Win32
		{66D2C764-9DA8-4505-B869-8E84E8968F7C}.Debug|Any CPU.Build.0 = Debug|Win32
		{66D2C764-9DA8-4505-B869-8E84E8968F7C}.Debug|x64.ActiveCfg = Debug|x64
		{66D2C764-9DA8-4505-B869-8E84E8968F7C}.Debug|x64.Build.0 = Debug|x64
		{66D2C764-9DA8-4505-B869-8E84E8968F7C}.Debug|x86.ActiveCfg = Debug|Win32
		{66D2C764-9DA8-4505-B869-8E84E8968F7C}.Debug|x86.Build.0 = Debug|Win32
		{66D2C764-9DA8-4505-B869-8E84E8968F7C}.Release|Any CPU.ActiveCfg = Release|Win32
		{66D2C764-9DA8-4505-B869-8E84E8968F7C}.Release|x64.ActiveCfg = Release|x64
		{66D2C764-9DA8-4505-B869-8E84E8968F7C}.Release|x64.Build.0 = Release|x64
		{66D2C764-9DA8-4505-B869-8E84E8968F7C}.Release|x86.ActiveCfg = Release|Win32
		{66D2C764-9DA8-4505-B869-8E84E8968F7C}.Release|x86.Build.0 = Release|Win32
		{E7758FF7-9321-4A16-84ED-59743AB374CD}.Debug|Any CPU.ActiveCfg = Debug|Win32
		{E7758FF7-9321-4A16-84ED-59743AB374CD}.Debug|Any CPU.Build.0 = Debug|Win32
		{E7758FF7-9321-4A16-84ED-59743AB374CD}.Debug|x64.ActiveCfg = Debug|x64
		{E7758FF7-9321-4A16-84ED-59743AB374CD}.Debug|x64.Build.0 = Debug|x64
		{E7758FF7-9321-4A16-84ED-59743AB374CD}.Debug|x86.ActiveCfg = Debug|Win32
		{E7758FF7-9321-4A16-84ED-59743AB374CD}.Debug|x86.Build.0 = Debug|Win32
		{E7758FF7-9321-4A16-84ED-59743AB374CD}.Release|Any CPU.ActiveCfg = Release|Win32
		{E7758FF7-9321-4A16-84ED-59743AB374CD}.Release|x64.ActiveCfg = Release|x64
		{E7758FF7-9321-4A16-84ED-59743AB374CD}.Release|x64.Build.0 = Release|x64
		{E7758FF7-9321-4A16-84ED-59743AB374CD}.Release|x86.ActiveCfg = Release|Win32
		{E7758FF7-9321-4A16-84ED-59743AB374CD}.Release|x86.Build.0 = Release|Win32
		{027D7D6F-89A7-49DF-BAA9-1BD59D0FACA0}.Debug|Any CPU.ActiveCfg = Debug|Win32
		{027D7D6F-89A7-49DF-BAA9-1BD59D0FACA0}.Debug|Any CPU.Build.0 = Debug|Win32
		{027D7D6F-89A7-49DF-BAA9-1BD59D0FACA0}.Debug|x64.ActiveCfg = Debug|x64
		{027D7D6F-89A7-49DF-BAA9-1BD59D0FACA0}.Debug|x64.Build.0 = Debug|x64
		{027D7D6F-89A7-49DF-BAA9-1BD59D0FACA0}.Debug|x86.ActiveCfg = Debug|Win32
		{027D7D6F-89A7-49DF-BAA9-1BD59D0FACA0}.Debug|x86.Build.0 = Debug|Win32
		{027D7D6F-89A7-49DF-BAA9-1BD59D0FACA0}.Release|Any CPU.ActiveCfg = Release|Win32
		{027D7D6F-89A7-49DF-BAA9-1BD59D0FACA0}.Release|x64.ActiveCfg = Release|x64
		{027D7D6F-89A7-49DF-BAA9-1BD59D0FACA0}.Release|x64.Build.0 = Release|x64
		{027D7D6F-89A7-49DF-BAA9-1BD59D0FACA0}.Release|x86.ActiveCfg = Release|Win32
		{027D7D6F-89A7-49DF-BAA9-1BD59D0FACA0}.Release|x86.Build.0 = Release|Win32
		{64020F91-05D9-4D7D-A73F-AC490DD57FDE}.Debug|Any CPU.ActiveCfg = Debug|Win32
		{64020F91-05D9-4D7D-A73F-AC490DD57FDE}.Debug|Any CPU.Build.0 = Debug|Win32
		{64020F91-05D9-4D7D-A73F-AC490DD57FDE}.Debug|x64.ActiveCfg = Debug|x64
		{64020F91-05D9-4D7D-A73F-AC490DD57FDE}.Debug|x64.Build.0 = Debug|x64
		{64020F91-05D9-4D7D-A73F-AC490DD57FDE}.Debug|x86.ActiveCfg = Debug|Win32
		{64020F91-05D9-4D7D-A73F-AC490DD57FDE}.Debug|x86.Build.0 = Debug|Win32
		{64020F91-05D9-4D7D-A73F-AC490DD57FDE}.Release|Any CPU.ActiveCfg = Release|Win32
		{64020F91-05D9-4D7D-A73F-AC490DD57FDE}.Release|x64.ActiveCfg = Release|x64
		{64020F91-05D9-4D7D-A73F-AC490DD57FDE}.Release|x64.Build.0 = Release|x64
		{64020F91-05D9-4D7D-A73F-AC490DD57FDE}.Release|x86.ActiveCfg = Release|Win32
		{64020F91-05D9-4D7D-A73F-AC490DD57FDE}.Release|x86.Build.0 = Release|Win32
		{FA95EFA3-36DE-4EF2-87E8-D7833DB83117}.Debug|Any CPU.ActiveCfg = Debug|Win32
		{FA95EFA3-36DE-4EF2-87E8-D7833DB83117}.Debug|Any CPU.Build.0 = Debug|Win32
		{FA95EFA3-36DE-4EF2-87E8-D7833DB83117}.Debug|x64.ActiveCfg = Debug|x64
		{FA95EFA3-36DE-4EF2-87E8-D7833DB83117}.Debug|x64.Build.0 = Debug|x64
		{FA95EFA3-36DE-4EF2-87E8-D7833DB83117}.Debug|x86.ActiveCfg = Debug|Win32
		{FA95EFA3-36DE-4EF2-87E8-D7833DB83117}.Debug|x86.Build.0 = Debug|Win32
		{FA95EFA3-36DE-4EF2-87E8-D7833DB83117}.Release|Any CPU.ActiveCfg = Release|Win32
		{FA95EFA3-36DE-4EF2-87E8-D7833DB83117}.Release|x64.ActiveCfg = Release|x64
		{FA95EFA3-36DE-4EF2-87E8-D7833DB83117}.Release|x64.Build.0 = Release|x64
		{FA95EFA3-36DE-4EF2-87E8-D7833DB83117}.Release|x86.ActiveCfg = Release|Win32
		{FA95EFA3-36DE-4EF2-87E8-D7833DB83117}.Release|x86.Build.0 = Release|Win32
		{F77BE275-1F5F-44FC-911F-5DC7BAA9CF79}.Debug|Any CPU.ActiveCfg = Debug|Win32
		{F77BE275-1F5F-44FC-911F-5DC7BAA9CF79}.Debug|Any CPU.Build.0 = Debug|Win32
		{F77BE275-1F5F-44FC-911F-5DC7BAA9CF79}.Debug|x64.ActiveCfg = Debug|x64
		{F77BE275-1F5F-44FC-911F-5DC7BAA9CF79}.Debug|x64.Build.0 = Debug|x64
		{F77BE275-1F5F-44FC-911F-5DC7BAA9CF79}.Debug|x86.ActiveCfg = Debug|Win32
		{F77BE275-1F5F-44FC-911F-5DC7BAA9CF79}.Debug|x86.Build.0 = Debug|Win32
		{F77BE275-1F5F-44FC-911F-5DC7BAA9CF79}.Release|Any CPU.ActiveCfg = Release|Win32
		{F77BE275-1F5F-44FC-911F-5DC7BAA9CF79}.Release|x64.ActiveCfg = Release|x64
		{F77BE275-1F5F-44FC-911F-5DC7BAA9CF79}.Release|x64.Build.0 = Release|x64
		{F77BE275-1F5F-44FC-911F-5DC7BAA9CF79}.Release|x86.ActiveCfg = Release|Win32
		{F77BE275-1F5F-44FC-911F-5DC7BAA9CF79}.Release|x86.Build.0 = Release|Win32
		{DCF6BF1C-E40E-44DC-9692-0B2B0F6B438D}.Debug|Any CPU.ActiveCfg = Debug|Win32
		{DCF6BF1C-E40E-44DC-9692-0B2B0F6B438D}.Debug|Any CPU.Build.0 = Debug|Win32
		{DCF6BF1C-E40E-44DC-9692-0B2B0F6B438D}.Debug|x64.ActiveCfg = Debug|x64
		{DCF6BF1C-E40E-44DC-9692-0B2B0F6B438D}.Debug|x64.Build.0 = Debug|x64
		{DCF6BF1C-E40E-44DC-9692-0B2B0F6B438D}.Debug|x86.ActiveCfg = Debug|Win32
		{DCF6BF1C-E40E-44DC-9692-0B2B0F6B438D}.Debug|x86.Build.0 = Debug|Win32
		{DCF6BF1C-E40E-44DC-9692-0B2B0F6B438D}.Release|Any CPU.ActiveCfg = Release|Win32
		{DCF6BF1C-E40E-44DC-9692-0B2B0F6B438D}.Release|x64.ActiveCfg = Release|x64
		{DCF6BF1C-E40E-44DC-9692-0B2B0F6B438D}.Release|x64.Build.0 = Release|x64
		{DCF6BF1C-E40E-44DC-9692-0B2B0F6B438D}.Release|x86.ActiveCfg = Release|Win32
		{DCF6BF1C-E40E-44DC-9692-0B2B0F6B438D}.Release|x86.Build.0 = Release|Win32
		{77BE9964-7862-4D05-AFF0-B42718AAE386}.Debug|Any CPU.ActiveCfg = Debug|Win32
		{77BE9964-7862-4D05-AFF0-B42718AAE386}.Debug|Any CPU.Build.0 = Debug|Win32
		{77BE9964-7862-4D05-AFF0-B42718AAE386}.Debug|x64.ActiveCfg = Debug|x64
		{77BE9964-7862-4D05-AFF0-B42718AAE386}.Debug|x64.Build.0 = Debug|x64
		{77BE9964-7862-4D05-AFF0-B42718AAE386}.Debug|x86.ActiveCfg = Debug|Win32
		{77BE9964-7862-4D05-AFF0-B42718AAE386}.Debug|x86.Build.0 = Debug|Win32
		{77BE9964-7862-4D05-AFF0-B42718AAE386}.Release|Any CPU.ActiveCfg = Release|Win32
		{77BE9964-7862-4D05-AFF0-B42718AAE386}.Release|x64.ActiveCfg = Release|x64
		{77BE9964-7862-4D05-AFF0-B42718AAE386}.Release|x64.Build.0 = Release|x64
		{77BE9964-7862-4D05-AFF0-B42718AAE386}.Release|x86.ActiveCfg = Release|Win32
		{77BE9964-7862-4D05-AFF0-B42718AAE386}.Release|x86.Build.0 = Release|Win32
		{CA3129B8-1BF4-44C9-B116-53EC72D0BCCB}.Debug|Any CPU.ActiveCfg = Debug|Win32
		{CA3129B8-1BF4-44C9-B116-53EC72D0BCCB}.Debug|x64.ActiveCfg = Debug|Win32
		{CA3129B8-1BF4-44C9-B116-53EC72D0BCCB}.Debug|x86.ActiveCfg = Debug|Win32
		{CA3129B8-1BF4-44C9-B116-53EC72D0BCCB}.Debug|x86.Build.0 = Debug|Win32
		{CA3129B8-1BF4-44C9-B116-53EC72D0BCCB}.Release|Any CPU.ActiveCfg = Release|Win32
		{CA3129B8-1BF4-44C9-B116-53EC72D0BCCB}.Release|x64.ActiveCfg = Release|Win32
		{CA3129B8-1BF4-44C9-B116-53EC72D0BCCB}.Release|x86.ActiveCfg = Release|Win32
		{CA3129B8-1BF4-44C9-B116-53EC72D0BCCB}.Release|x86.Build.0 = Release|Win32
		{4133D528-AB6D-4CCD-AF37-67536F36154C}.Debug|Any CPU.ActiveCfg = Debug|Win32
		{4133D528-AB6D-4CCD-AF37-67536F36154C}.Debug|x64.ActiveCfg = Debug|x64
		{4133D528-AB6D-4CCD-AF37-67536F36154C}.Debug|x64.Build.0 = Debug|x64
		{4133D528-AB6D-4CCD-AF37-67536F36154C}.Debug|x86.ActiveCfg = Debug|Win32
		{4133D528-AB6D-4CCD-AF37-67536F36154C}.Debug|x86.Build.0 = Debug|Win32
		{4133D528-AB6D-4CCD-AF37-67536F36154C}.Release|Any CPU.ActiveCfg = Release|Win32
		{4133D528-AB6D-4CCD-AF37-67536F36154C}.Release|x64.ActiveCfg = Release|x64
		{4133D528-AB6D-4CCD-AF37-67536F36154C}.Release|x64.Build.0 = Release|x64
		{4133D528-AB6D-4CCD-AF37-67536F36154C}.Release|x86.ActiveCfg = Release|Win32
		{4133D528-AB6D-4CCD-AF37-67536F36154C}.Release|x86.Build.0 = Release|Win32
		{6E58E051-CC07-4D7F-92A4-06A117A79CA7}.Debug|Any CPU.ActiveCfg = Debug|Win32
		{6E58E051-CC07-4D7F-92A4-06A117A79CA7}.Debug|x64.ActiveCfg = Debug|x64
		{6E58E051-CC07-4D7F-92A4-06A117A79CA7}.Debug|x64.Build.0 = Debug|x64
		{6E58E051-CC07-4D7F-92A4-06A117A79CA7}.Debug|x86.ActiveCfg = Debug|Win32
		{6E58E051-CC07-4D7F-92A4-06A117A79CA7}.Debug|x86.Build.0 = Debug|Win32
		{6E58E051-CC07-4D7F-92A4-06A117A79CA7}.Release|Any CPU.ActiveCfg = Release|Win32
		{6E58E051-CC07-4D7F-92A4-06A117A79CA7}.Release|x64.ActiveCfg = Release|x64
		{6E58E051-CC07-4D7F-92A4-06A117A79CA7}.Release|x64.Build.0 = Release|x64
		{6E58E051-CC07-4D7F-92A4-06A117A79CA7}.Release|x86.ActiveCfg = Release|Win32
		{6E58E051-CC07-4D7F-92A4-06A117A79CA7}.Release|x86.Build.0 = Release|Win32
		{FD4E1C9E-ECA7-49CD-A3CE-B9F99864B835}.Debug|Any CPU.ActiveCfg = Debug|Win32
		{FD4E1C9E-ECA7-49CD-A3CE-B9F99864B835}.Debug|x64.ActiveCfg = Debug|x64
		{FD4E1C9E-ECA7-49CD-A3CE-B9F99864B835}.Debug|x64.Build.0 = Debug|x64
		{FD4E1C9E-ECA7-49CD-A3CE-B9F99864B835}.Debug|x86.ActiveCfg = Debug|Win32
		{FD4E1C9E-ECA7-49CD-A3CE-B9F99864B835}.Debug|x86.Build.0 = Debug|Win32
		{FD4E1C9E-ECA7-49CD-A3CE-B9F99864B835}.Release|Any CPU.ActiveCfg = Release|Win32
		{FD4E1C9E-ECA7-49CD-A3CE-B9F99864B835}.Release|x64.ActiveCfg = Release|x64
		{FD4E1C9E-ECA7-49CD-A3CE-B9F99864B835}.Release|x64.Build.0 = Release|x64
		{FD4E1C9E-ECA7-49CD-A3CE-B9F99864B835}.Release|x86.ActiveCfg = Release|Win32
		{FD4E1C9E-ECA7-49CD-A3CE-B9F99864B835}.Release|x86.Build.0 = Release|Win32
		{B1DB1846-C0FC-48EF-80E4-DC556E9240FA}.Debug|Any CPU.ActiveCfg = Debug|Win32
		{B1DB1846-C0FC-48EF-80E4-DC556E9240FA}.Debug|x64.ActiveCfg = Debug|x64
		{B1DB1846-C0FC-48EF-80E4-DC556E9240FA}.Debug|x64.Build.0 = Debug|x64
		{B1DB1846-C0FC-48EF-80E4-DC556E9240FA}.Debug|x86.ActiveCfg = Debug|Win32
		{B1DB1846-C0FC-48EF-80E4-DC556E9240FA}.Debug|x86.Build.0 = Debug|Win32
		{B1DB1846-C0FC-48EF-80E4-DC556E9240FA}.Release|Any CPU.ActiveCfg = Release|Win32
		{B1DB1846-C0FC-48EF-80E4-DC556E9240FA}.Release|x64.ActiveCfg = Release|x64
		{B1DB1846-C0FC-48EF-80E4-DC556E9240FA}.Release|x64.Build.0 = Release|x64
		{B1DB1846-C0FC-48EF-80E4-DC556E9240FA}.Release|x86.ActiveCfg = Release|Win32
		{B1DB1846-C0FC-48EF-80E4-DC556E9240FA}.Release|x86.Build.0 = Release|Win32
		{2DA172DE-5669-48DE-9D67-777FEFA408FD}.Debug|Any CPU.ActiveCfg = Debug|Win32
		{2DA172DE-5669-48DE-9D67-777FEFA408FD}.Debug|x64.ActiveCfg = Debug|x64
		{2DA172DE-5669-48DE-9D67-777FEFA408FD}.Debug|x64.Build.0 = Debug|x64
		{2DA172DE-5669-48DE-9D67-777FEFA408FD}.Debug|x86.ActiveCfg = Debug|Win32
		{2DA172DE-5669-48DE-9D67-777FEFA408FD}.Debug|x86.Build.0 = Debug|Win32
		{2DA172DE-5669-48DE-9D67-777FEFA408FD}.Release|Any CPU.ActiveCfg = Release|Win32
		{2DA172DE-5669-48DE-9D67-777FEFA408FD}.Release|x64.ActiveCfg = Release|x64
		{2DA172DE-5669-48DE-9D67-777FEFA408FD}.Release|x64.Build.0 = Release|x64
		{2DA172DE-5669-48DE-9D67-777FEFA408FD}.Release|x86.ActiveCfg = Release|Win32
		{2DA172DE-5669-48DE-9D67-777FEFA408FD}.Release|x86.Build.0 = Release|Win32
		{1A652E61-D7D7-49A9-958D-AB83E9C186C5}.Debug|Any CPU.ActiveCfg = Debug|Any CPU
		{1A652E61-D7D7-49A9-958D-AB83E9C186C5}.Debug|Any CPU.Build.0 = Debug|Any CPU
		{1A652E61-D7D7-49A9-958D-AB83E9C186C5}.Debug|x64.ActiveCfg = Debug|x64
		{1A652E61-D7D7-49A9-958D-AB83E9C186C5}.Debug|x64.Build.0 = Debug|x64
		{1A652E61-D7D7-49A9-958D-AB83E9C186C5}.Debug|x86.ActiveCfg = Debug|x86
		{1A652E61-D7D7-49A9-958D-AB83E9C186C5}.Debug|x86.Build.0 = Debug|x86
		{1A652E61-D7D7-49A9-958D-AB83E9C186C5}.Release|Any CPU.ActiveCfg = Release|Any CPU
		{1A652E61-D7D7-49A9-958D-AB83E9C186C5}.Release|Any CPU.Build.0 = Release|Any CPU
		{1A652E61-D7D7-49A9-958D-AB83E9C186C5}.Release|x64.ActiveCfg = Release|x64
		{1A652E61-D7D7-49A9-958D-AB83E9C186C5}.Release|x64.Build.0 = Release|x64
		{1A652E61-D7D7-49A9-958D-AB83E9C186C5}.Release|x86.ActiveCfg = Release|x86
		{1A652E61-D7D7-49A9-958D-AB83E9C186C5}.Release|x86.Build.0 = Release|x86
	EndGlobalSection
	GlobalSection(SolutionProperties) = preSolution
		HideSolutionNode = FALSE
	EndGlobalSection
	GlobalSection(ExtensibilityGlobals) = postSolution
		SolutionGuid = {487EB306-C369-4F14-9997-0C910D20C4AF}
	EndGlobalSection
EndGlobal
